
Microsoft Visual Studio Solution File, Format Version 12.00
# Visual Studio Version 17
VisualStudioVersion = 17.6.33829.357
MinimumVisualStudioVersion = 10.0.40219.1
Project("{FAE04EC0-301F-11D3-BF4B-00C04F79EFBC}") = "week5Lec_CodeFirst", "week5Lec_CodeFirst\week5Lec_CodeFirst.csproj", "{69EA6E77-C0BC-4AAA-A6E6-A133C4544A20}"
EndProject
Global
	GlobalSection(SolutionConfigurationPlatforms) = preSolution
		Debug|Any CPU = Debug|Any CPU
		Release|Any CPU = Release|Any CPU
	EndGlobalSection
	GlobalSection(ProjectConfigurationPlatforms) = postSolution
		{69EA6E77-C0BC-4AAA-A6E6-A133C4544A20}.Debug|Any CPU.ActiveCfg = Debug|Any CPU
		{69EA6E77-C0BC-4AAA-A6E6-A133C4544A20}.Debug|Any CPU.Build.0 = Debug|Any CPU
		{69EA6E77-C0BC-4AAA-A6E6-A133C4544A20}.Release|Any CPU.ActiveCfg = Release|Any CPU
		{69EA6E77-C0BC-4AAA-A6E6-A133C4544A20}.Release|Any CPU.Build.0 = Release|Any CPU
	EndGlobalSection
	GlobalSection(SolutionProperties) = preSolution
		HideSolutionNode = FALSE
	EndGlobalSection
	GlobalSection(ExtensibilityGlobals) = postSolution
		SolutionGuid = {62FBDF07-B21D-4478-B0E6-EB17AC189B0D}
	EndGlobalSection
EndGlobal
